
Microsoft Visual Studio Solution File, Format Version 12.00
# Visual Studio Version 17
VisualStudioVersion = 17.9.34607.119
MinimumVisualStudioVersion = 10.0.40219.1
Project("{FAE04EC0-301F-11D3-BF4B-00C04F79EFBC}") = "RehberUygulaması", "RehberUygulaması\RehberUygulaması.csproj", "{C4E35EDD-BB47-48BA-A3A7-7B76461BA164}"
EndProject
Project("{FAE04EC0-301F-11D3-BF4B-00C04F79EFBC}") = "Business", "Business\Business.csproj", "{D99B3812-3A0D-4BE5-83E6-CA84C0725811}"
EndProject
Project("{FAE04EC0-301F-11D3-BF4B-00C04F79EFBC}") = "DataAccess", "DataAccess\DataAccess.csproj", "{F106BD41-F989-4708-8552-54CC7586C861}"
EndProject
Global
	GlobalSection(SolutionConfigurationPlatforms) = preSolution
		Debug|Any CPU = Debug|Any CPU
		Release|Any CPU = Release|Any CPU
	EndGlobalSection
	GlobalSection(ProjectConfigurationPlatforms) = postSolution
		{C4E35EDD-BB47-48BA-A3A7-7B76461BA164}.Debug|Any CPU.ActiveCfg = Debug|Any CPU
		{C4E35EDD-BB47-48BA-A3A7-7B76461BA164}.Debug|Any CPU.Build.0 = Debug|Any CPU
		{C4E35EDD-BB47-48BA-A3A7-7B76461BA164}.Release|Any CPU.ActiveCfg = Release|Any CPU
		{C4E35EDD-BB47-48BA-A3A7-7B76461BA164}.Release|Any CPU.Build.0 = Release|Any CPU
		{D99B3812-3A0D-4BE5-83E6-CA84C0725811}.Debug|Any CPU.ActiveCfg = Debug|Any CPU
		{D99B3812-3A0D-4BE5-83E6-CA84C0725811}.Debug|Any CPU.Build.0 = Debug|Any CPU
		{D99B3812-3A0D-4BE5-83E6-CA84C0725811}.Release|Any CPU.ActiveCfg = Release|Any CPU
		{D99B3812-3A0D-4BE5-83E6-CA84C0725811}.Release|Any CPU.Build.0 = Release|Any CPU
		{F106BD41-F989-4708-8552-54CC7586C861}.Debug|Any CPU.ActiveCfg = Debug|Any CPU
		{F106BD41-F989-4708-8552-54CC7586C861}.Debug|Any CPU.Build.0 = Debug|Any CPU
		{F106BD41-F989-4708-8552-54CC7586C861}.Release|Any CPU.ActiveCfg = Release|Any CPU
		{F106BD41-F989-4708-8552-54CC7586C861}.Release|Any CPU.Build.0 = Release|Any CPU
	EndGlobalSection
	GlobalSection(SolutionProperties) = preSolution
		HideSolutionNode = FALSE
	EndGlobalSection
	GlobalSection(ExtensibilityGlobals) = postSolution
		SolutionGuid = {B77EDD82-ACE3-452C-939B-3FF319022119}
	EndGlobalSection
EndGlobal
